// !$*UTF8*$!
{
	archiveVersion = 1;
	classes = {
	};
	objectVersion = 46;
	objects = {

/* Begin PBXBuildFile section */
		107CE2027CAE86671E8020B1 /* Pods_preloadTests.framework in Frameworks */ = {isa = PBXBuildFile; fileRef = 690B91BAB72DB390F7A4551A /* Pods_preloadTests.framework */; };
		1F41D183C5516C0AD78D74CA /* Pods_preloadUITests.framework in Frameworks */ = {isa = PBXBuildFile; fileRef = 2D036B49A1A1B11604AA101F /* Pods_preloadUITests.framework */; };
		8ADC2FAFB79791D445E06578 /* Pods_preload.framework in Frameworks */ = {isa = PBXBuildFile; fileRef = E16A6A59AA43DA6E685A8539 /* Pods_preload.framework */; };
		AF10FFD81ED8084100ADBD9B /* calculate.cpp in Sources */ = {isa = PBXBuildFile; fileRef = AF10FFD71ED8084100ADBD9B /* calculate.cpp */; };
		AF278C4A1ED6F37700EADAF7 /* beer1.png in Resources */ = {isa = PBXBuildFile; fileRef = AF278C3E1ED6F37700EADAF7 /* beer1.png */; };
		AF278C4B1ED6F37700EADAF7 /* beer2.png in Resources */ = {isa = PBXBuildFile; fileRef = AF278C3F1ED6F37700EADAF7 /* beer2.png */; };
		AF278C4C1ED6F37700EADAF7 /* beer3.png in Resources */ = {isa = PBXBuildFile; fileRef = AF278C401ED6F37700EADAF7 /* beer3.png */; };
		AF278C4D1ED6F37700EADAF7 /* beer4png in Resources */ = {isa = PBXBuildFile; fileRef = AF278C411ED6F37700EADAF7 /* beer4png */; };
		AF278C4E1ED6F37700EADAF7 /* beer5.png in Resources */ = {isa = PBXBuildFile; fileRef = AF278C421ED6F37700EADAF7 /* beer5.png */; };
		AF278C4F1ED6F37700EADAF7 /* beer6.png in Resources */ = {isa = PBXBuildFile; fileRef = AF278C431ED6F37700EADAF7 /* beer6.png */; };
		AF278C501ED6F37700EADAF7 /* beer7.png in Resources */ = {isa = PBXBuildFile; fileRef = AF278C441ED6F37700EADAF7 /* beer7.png */; };
		AF278C511ED6F37700EADAF7 /* beer8.png in Resources */ = {isa = PBXBuildFile; fileRef = AF278C451ED6F37700EADAF7 /* beer8.png */; };
		AF278C521ED6F37700EADAF7 /* beer9.png in Resources */ = {isa = PBXBuildFile; fileRef = AF278C461ED6F37700EADAF7 /* beer9.png */; };
		AF278C531ED6F37700EADAF7 /* beer10.png in Resources */ = {isa = PBXBuildFile; fileRef = AF278C471ED6F37700EADAF7 /* beer10.png */; };
		AF278C541ED6F37700EADAF7 /* beer11.png in Resources */ = {isa = PBXBuildFile; fileRef = AF278C481ED6F37700EADAF7 /* beer11.png */; };
		AF278C551ED6F37700EADAF7 /* beer12.png in Resources */ = {isa = PBXBuildFile; fileRef = AF278C491ED6F37700EADAF7 /* beer12.png */; };
		AF3F22BA1F8B660600874D4E /* tableViewController.swift in Sources */ = {isa = PBXBuildFile; fileRef = AF3F22B91F8B660600874D4E /* tableViewController.swift */; };
		AF8CBFFE1F87238A00FB6F50 /* Products.swift in Sources */ = {isa = PBXBuildFile; fileRef = AF8CBFFD1F87238A00FB6F50 /* Products.swift */; };
		AF8CC0001F8723A800FB6F50 /* HtmlParser.swift in Sources */ = {isa = PBXBuildFile; fileRef = AF8CBFFF1F8723A800FB6F50 /* HtmlParser.swift */; };
		AFFED04C1E8B261800D62644 /* AppDelegate.swift in Sources */ = {isa = PBXBuildFile; fileRef = AFFED04B1E8B261800D62644 /* AppDelegate.swift */; };
		AFFED04E1E8B261800D62644 /* ViewController.swift in Sources */ = {isa = PBXBuildFile; fileRef = AFFED04D1E8B261800D62644 /* ViewController.swift */; };
		AFFED0511E8B261800D62644 /* Main.storyboard in Resources */ = {isa = PBXBuildFile; fileRef = AFFED04F1E8B261800D62644 /* Main.storyboard */; };
		AFFED0531E8B261800D62644 /* Assets.xcassets in Resources */ = {isa = PBXBuildFile; fileRef = AFFED0521E8B261800D62644 /* Assets.xcassets */; };
		AFFED0561E8B261800D62644 /* LaunchScreen.storyboard in Resources */ = {isa = PBXBuildFile; fileRef = AFFED0541E8B261800D62644 /* LaunchScreen.storyboard */; };
/* End PBXBuildFile section */

/* Begin PBXContainerItemProxy section */
		AFF0C5721ED909C4003655DC /* PBXContainerItemProxy */ = {
			isa = PBXContainerItemProxy;
			containerPortal = AFFED0401E8B261700D62644 /* Project object */;
			proxyType = 1;
			remoteGlobalIDString = AFFED0471E8B261700D62644;
			remoteInfo = preload;
		};
		AFF0C5801ED909D0003655DC /* PBXContainerItemProxy */ = {
			isa = PBXContainerItemProxy;
			containerPortal = AFFED0401E8B261700D62644 /* Project object */;
			proxyType = 1;
			remoteGlobalIDString = AFFED0471E8B261700D62644;
			remoteInfo = preload;
		};
/* End PBXContainerItemProxy section */

/* Begin PBXFileReference section */
		04FE0810F8C283CFEA8C04F3 /* Pods-preload.release.xcconfig */ = {isa = PBXFileReference; includeInIndex = 1; lastKnownFileType = text.xcconfig; name = "Pods-preload.release.xcconfig"; path = "Pods/Target Support Files/Pods-preload/Pods-preload.release.xcconfig"; sourceTree = "<group>"; };
		2D036B49A1A1B11604AA101F /* Pods_preloadUITests.framework */ = {isa = PBXFileReference; explicitFileType = wrapper.framework; includeInIndex = 0; path = Pods_preloadUITests.framework; sourceTree = BUILT_PRODUCTS_DIR; };
		4400CAA6AAD7A6B3C3A709B3 /* Pods-preloadTests.release.xcconfig */ = {isa = PBXFileReference; includeInIndex = 1; lastKnownFileType = text.xcconfig; name = "Pods-preloadTests.release.xcconfig"; path = "Pods/Target Support Files/Pods-preloadTests/Pods-preloadTests.release.xcconfig"; sourceTree = "<group>"; };
		690B91BAB72DB390F7A4551A /* Pods_preloadTests.framework */ = {isa = PBXFileReference; explicitFileType = wrapper.framework; includeInIndex = 0; path = Pods_preloadTests.framework; sourceTree = BUILT_PRODUCTS_DIR; };
		7B1A31DCF43D80FDDB948E50 /* Pods-preloadTests.debug.xcconfig */ = {isa = PBXFileReference; includeInIndex = 1; lastKnownFileType = text.xcconfig; name = "Pods-preloadTests.debug.xcconfig"; path = "Pods/Target Support Files/Pods-preloadTests/Pods-preloadTests.debug.xcconfig"; sourceTree = "<group>"; };
		AF10FFD71ED8084100ADBD9B /* calculate.cpp */ = {isa = PBXFileReference; fileEncoding = 4; lastKnownFileType = sourcecode.cpp.cpp; path = calculate.cpp; sourceTree = "<group>"; };
		AF278C3E1ED6F37700EADAF7 /* beer1.png */ = {isa = PBXFileReference; lastKnownFileType = image.png; path = beer1.png; sourceTree = "<group>"; };
		AF278C3F1ED6F37700EADAF7 /* beer2.png */ = {isa = PBXFileReference; lastKnownFileType = image.png; path = beer2.png; sourceTree = "<group>"; };
		AF278C401ED6F37700EADAF7 /* beer3.png */ = {isa = PBXFileReference; lastKnownFileType = image.png; path = beer3.png; sourceTree = "<group>"; };
		AF278C411ED6F37700EADAF7 /* beer4png */ = {isa = PBXFileReference; lastKnownFileType = file; path = beer4png; sourceTree = "<group>"; };
		AF278C421ED6F37700EADAF7 /* beer5.png */ = {isa = PBXFileReference; lastKnownFileType = image.png; path = beer5.png; sourceTree = "<group>"; };
		AF278C431ED6F37700EADAF7 /* beer6.png */ = {isa = PBXFileReference; lastKnownFileType = image.png; path = beer6.png; sourceTree = "<group>"; };
		AF278C441ED6F37700EADAF7 /* beer7.png */ = {isa = PBXFileReference; lastKnownFileType = image.png; path = beer7.png; sourceTree = "<group>"; };
		AF278C451ED6F37700EADAF7 /* beer8.png */ = {isa = PBXFileReference; lastKnownFileType = image.png; path = beer8.png; sourceTree = "<group>"; };
		AF278C461ED6F37700EADAF7 /* beer9.png */ = {isa = PBXFileReference; lastKnownFileType = image.png; path = beer9.png; sourceTree = "<group>"; };
		AF278C471ED6F37700EADAF7 /* beer10.png */ = {isa = PBXFileReference; lastKnownFileType = image.png; path = beer10.png; sourceTree = "<group>"; };
		AF278C481ED6F37700EADAF7 /* beer11.png */ = {isa = PBXFileReference; lastKnownFileType = image.png; path = beer11.png; sourceTree = "<group>"; };
		AF278C491ED6F37700EADAF7 /* beer12.png */ = {isa = PBXFileReference; lastKnownFileType = image.png; path = beer12.png; sourceTree = "<group>"; };
		AF278C5D1ED735AB00EADAF7 /* header.h */ = {isa = PBXFileReference; lastKnownFileType = sourcecode.c.h; path = header.h; sourceTree = "<group>"; };
		AF278C5E1ED7367100EADAF7 /* Preload-Bridging-Header.h */ = {isa = PBXFileReference; lastKnownFileType = sourcecode.c.h; path = "Preload-Bridging-Header.h"; sourceTree = "<group>"; };
		AF3F22B91F8B660600874D4E /* tableViewController.swift */ = {isa = PBXFileReference; fileEncoding = 4; lastKnownFileType = sourcecode.swift; path = tableViewController.swift; sourceTree = "<group>"; };
		AF8CBFFD1F87238A00FB6F50 /* Products.swift */ = {isa = PBXFileReference; fileEncoding = 4; lastKnownFileType = sourcecode.swift; path = Products.swift; sourceTree = "<group>"; };
		AF8CBFFF1F8723A800FB6F50 /* HtmlParser.swift */ = {isa = PBXFileReference; fileEncoding = 4; lastKnownFileType = sourcecode.swift; path = HtmlParser.swift; sourceTree = "<group>"; };
		AFF0C56D1ED909C4003655DC /* preloadTests.xctest */ = {isa = PBXFileReference; explicitFileType = wrapper.cfbundle; includeInIndex = 0; path = preloadTests.xctest; sourceTree = BUILT_PRODUCTS_DIR; };
		AFF0C57B1ED909D0003655DC /* Preload.xctest */ = {isa = PBXFileReference; explicitFileType = wrapper.cfbundle; includeInIndex = 0; path = Preload.xctest; sourceTree = BUILT_PRODUCTS_DIR; };
		AFFED0481E8B261800D62644 /* preload.app */ = {isa = PBXFileReference; explicitFileType = wrapper.application; includeInIndex = 0; path = preload.app; sourceTree = BUILT_PRODUCTS_DIR; };
		AFFED04B1E8B261800D62644 /* AppDelegate.swift */ = {isa = PBXFileReference; lastKnownFileType = sourcecode.swift; path = AppDelegate.swift; sourceTree = "<group>"; };
		AFFED04D1E8B261800D62644 /* ViewController.swift */ = {isa = PBXFileReference; lastKnownFileType = sourcecode.swift; path = ViewController.swift; sourceTree = "<group>"; };
		AFFED0501E8B261800D62644 /* Base */ = {isa = PBXFileReference; lastKnownFileType = file.storyboard; name = Base; path = Base.lproj/Main.storyboard; sourceTree = "<group>"; };
		AFFED0521E8B261800D62644 /* Assets.xcassets */ = {isa = PBXFileReference; lastKnownFileType = folder.assetcatalog; path = Assets.xcassets; sourceTree = "<group>"; };
		AFFED0551E8B261800D62644 /* Base */ = {isa = PBXFileReference; lastKnownFileType = file.storyboard; name = Base; path = Base.lproj/LaunchScreen.storyboard; sourceTree = "<group>"; };
		AFFED0571E8B261800D62644 /* Info.plist */ = {isa = PBXFileReference; lastKnownFileType = text.plist.xml; path = Info.plist; sourceTree = "<group>"; };
		B426A4B2FB7E28A1900D3DBA /* Pods-preloadUITests.release.xcconfig */ = {isa = PBXFileReference; includeInIndex = 1; lastKnownFileType = text.xcconfig; name = "Pods-preloadUITests.release.xcconfig"; path = "Pods/Target Support Files/Pods-preloadUITests/Pods-preloadUITests.release.xcconfig"; sourceTree = "<group>"; };
		CDBE658D69CF13D3D141A6B2 /* Pods-preloadUITests.debug.xcconfig */ = {isa = PBXFileReference; includeInIndex = 1; lastKnownFileType = text.xcconfig; name = "Pods-preloadUITests.debug.xcconfig"; path = "Pods/Target Support Files/Pods-preloadUITests/Pods-preloadUITests.debug.xcconfig"; sourceTree = "<group>"; };
		E16A6A59AA43DA6E685A8539 /* Pods_preload.framework */ = {isa = PBXFileReference; explicitFileType = wrapper.framework; includeInIndex = 0; path = Pods_preload.framework; sourceTree = BUILT_PRODUCTS_DIR; };
		EBF54E4D2719E470339A452C /* Pods-preload.debug.xcconfig */ = {isa = PBXFileReference; includeInIndex = 1; lastKnownFileType = text.xcconfig; name = "Pods-preload.debug.xcconfig"; path = "Pods/Target Support Files/Pods-preload/Pods-preload.debug.xcconfig"; sourceTree = "<group>"; };
/* End PBXFileReference section */

/* Begin PBXFrameworksBuildPhase section */
		AFF0C56A1ED909C4003655DC /* Frameworks */ = {
			isa = PBXFrameworksBuildPhase;
			buildActionMask = 2147483647;
			files = (
				107CE2027CAE86671E8020B1 /* Pods_preloadTests.framework in Frameworks */,
			);
			runOnlyForDeploymentPostprocessing = 0;
		};
		AFF0C5781ED909D0003655DC /* Frameworks */ = {
			isa = PBXFrameworksBuildPhase;
			buildActionMask = 2147483647;
			files = (
				1F41D183C5516C0AD78D74CA /* Pods_preloadUITests.framework in Frameworks */,
			);
			runOnlyForDeploymentPostprocessing = 0;
		};
		AFFED0451E8B261700D62644 /* Frameworks */ = {
			isa = PBXFrameworksBuildPhase;
			buildActionMask = 2147483647;
			files = (
				8ADC2FAFB79791D445E06578 /* Pods_preload.framework in Frameworks */,
			);
			runOnlyForDeploymentPostprocessing = 0;
		};
/* End PBXFrameworksBuildPhase section */

/* Begin PBXGroup section */
		5CBB88A4AE50CC12606AA600 /* Frameworks */ = {
			isa = PBXGroup;
			children = (
				E16A6A59AA43DA6E685A8539 /* Pods_preload.framework */,
				690B91BAB72DB390F7A4551A /* Pods_preloadTests.framework */,
				2D036B49A1A1B11604AA101F /* Pods_preloadUITests.framework */,
			);
			name = Frameworks;
			sourceTree = "<group>";
		};
		A6C6149CF0BE21E2CCAB5DFB /* Pods */ = {
			isa = PBXGroup;
			children = (
				EBF54E4D2719E470339A452C /* Pods-preload.debug.xcconfig */,
				04FE0810F8C283CFEA8C04F3 /* Pods-preload.release.xcconfig */,
				7B1A31DCF43D80FDDB948E50 /* Pods-preloadTests.debug.xcconfig */,
				4400CAA6AAD7A6B3C3A709B3 /* Pods-preloadTests.release.xcconfig */,
				CDBE658D69CF13D3D141A6B2 /* Pods-preloadUITests.debug.xcconfig */,
				B426A4B2FB7E28A1900D3DBA /* Pods-preloadUITests.release.xcconfig */,
			);
			name = Pods;
			sourceTree = "<group>";
		};
		AF9564241ED5CB26006CCB42 /* gif */ = {
			isa = PBXGroup;
			children = (
				AF278C3E1ED6F37700EADAF7 /* beer1.png */,
				AF278C3F1ED6F37700EADAF7 /* beer2.png */,
				AF278C401ED6F37700EADAF7 /* beer3.png */,
				AF278C411ED6F37700EADAF7 /* beer4png */,
				AF278C421ED6F37700EADAF7 /* beer5.png */,
				AF278C431ED6F37700EADAF7 /* beer6.png */,
				AF278C441ED6F37700EADAF7 /* beer7.png */,
				AF278C451ED6F37700EADAF7 /* beer8.png */,
				AF278C461ED6F37700EADAF7 /* beer9.png */,
				AF278C471ED6F37700EADAF7 /* beer10.png */,
				AF278C481ED6F37700EADAF7 /* beer11.png */,
				AF278C491ED6F37700EADAF7 /* beer12.png */,
			);
			name = gif;
			sourceTree = "<group>";
		};
		AFFED03F1E8B261700D62644 = {
			isa = PBXGroup;
			children = (
				AFFED04A1E8B261800D62644 /* preload */,
				AFFED0491E8B261800D62644 /* Products */,
				A6C6149CF0BE21E2CCAB5DFB /* Pods */,
				5CBB88A4AE50CC12606AA600 /* Frameworks */,
			);
			sourceTree = "<group>";
		};
		AFFED0491E8B261800D62644 /* Products */ = {
			isa = PBXGroup;
			children = (
				AFFED0481E8B261800D62644 /* preload.app */,
				AFF0C56D1ED909C4003655DC /* preloadTests.xctest */,
				AFF0C57B1ED909D0003655DC /* Preload.xctest */,
			);
			name = Products;
			sourceTree = "<group>";
		};
		AFFED04A1E8B261800D62644 /* preload */ = {
			isa = PBXGroup;
			children = (
				AFFED04B1E8B261800D62644 /* AppDelegate.swift */,
				AFFED04D1E8B261800D62644 /* ViewController.swift */,
				AFFED04F1E8B261800D62644 /* Main.storyboard */,
				AF3F22B91F8B660600874D4E /* tableViewController.swift */,
				AF10FFD71ED8084100ADBD9B /* calculate.cpp */,
				AF8CBFFD1F87238A00FB6F50 /* Products.swift */,
				AF8CBFFF1F8723A800FB6F50 /* HtmlParser.swift */,
				AF278C5D1ED735AB00EADAF7 /* header.h */,
				AF278C5E1ED7367100EADAF7 /* Preload-Bridging-Header.h */,
				AF9564241ED5CB26006CCB42 /* gif */,
				AFFED0521E8B261800D62644 /* Assets.xcassets */,
				AFFED0541E8B261800D62644 /* LaunchScreen.storyboard */,
				AFFED0571E8B261800D62644 /* Info.plist */,
			);
			name = preload;
			path = test;
			sourceTree = "<group>";
		};
/* End PBXGroup section */

/* Begin PBXNativeTarget section */
		AFF0C56C1ED909C4003655DC /* preloadTests */ = {
			isa = PBXNativeTarget;
			buildConfigurationList = AFF0C5741ED909C4003655DC /* Build configuration list for PBXNativeTarget "preloadTests" */;
			buildPhases = (
				9435C153F751BE7FAFA943A6 /* [CP] Check Pods Manifest.lock */,
				AFF0C5691ED909C4003655DC /* Sources */,
				AFF0C56A1ED909C4003655DC /* Frameworks */,
				AFF0C56B1ED909C4003655DC /* Resources */,
				0ACD39EFF01B42DD04D7DC60 /* [CP] Embed Pods Frameworks */,
				FF98705CB70AADFE15ACF912 /* [CP] Copy Pods Resources */,
			);
			buildRules = (
			);
			dependencies = (
				AFF0C5731ED909C4003655DC /* PBXTargetDependency */,
			);
			name = preloadTests;
			productName = preloadTests;
			productReference = AFF0C56D1ED909C4003655DC /* preloadTests.xctest */;
			productType = "com.apple.product-type.bundle.unit-test";
		};
		AFF0C57A1ED909D0003655DC /* preloadUITests */ = {
			isa = PBXNativeTarget;
			buildConfigurationList = AFF0C5821ED909D0003655DC /* Build configuration list for PBXNativeTarget "preloadUITests" */;
			buildPhases = (
				5CD17CA51F62D3F6022B3177 /* [CP] Check Pods Manifest.lock */,
				AFF0C5771ED909D0003655DC /* Sources */,
				AFF0C5781ED909D0003655DC /* Frameworks */,
				AFF0C5791ED909D0003655DC /* Resources */,
				2B420C24D35E9AE95EC08391 /* [CP] Embed Pods Frameworks */,
				6925D0B20A39485943A62EDD /* [CP] Copy Pods Resources */,
			);
			buildRules = (
			);
			dependencies = (
				AFF0C5811ED909D0003655DC /* PBXTargetDependency */,
			);
			name = preloadUITests;
			productName = preloadUITests;
			productReference = AFF0C57B1ED909D0003655DC /* Preload.xctest */;
			productType = "com.apple.product-type.bundle.ui-testing";
		};
		AFFED0471E8B261700D62644 /* preload */ = {
			isa = PBXNativeTarget;
			buildConfigurationList = AFFED0701E8B261800D62644 /* Build configuration list for PBXNativeTarget "preload" */;
			buildPhases = (
				B0EA2E6FAE3664C2F8DAF83F /* [CP] Check Pods Manifest.lock */,
				AFFED0441E8B261700D62644 /* Sources */,
				AFFED0451E8B261700D62644 /* Frameworks */,
				AFFED0461E8B261700D62644 /* Resources */,
				53D9E6B35A96C6577ECC354D /* [CP] Embed Pods Frameworks */,
				2F446915C35E3203E3F01444 /* [CP] Copy Pods Resources */,
			);
			buildRules = (
			);
			dependencies = (
			);
			name = preload;
			productName = test;
			productReference = AFFED0481E8B261800D62644 /* preload.app */;
			productType = "com.apple.product-type.application";
		};
/* End PBXNativeTarget section */

/* Begin PBXProject section */
		AFFED0401E8B261700D62644 /* Project object */ = {
			isa = PBXProject;
			attributes = {
				LastSwiftUpdateCheck = 0820;
				LastUpgradeCheck = 0820;
				ORGANIZATIONNAME = "Team Alpha";
				TargetAttributes = {
					AFF0C56C1ED909C4003655DC = {
						CreatedOnToolsVersion = 8.2.1;
						ProvisioningStyle = Automatic;
						TestTargetID = AFFED0471E8B261700D62644;
					};
					AFF0C57A1ED909D0003655DC = {
						CreatedOnToolsVersion = 8.2.1;
						ProvisioningStyle = Automatic;
						TestTargetID = AFFED0471E8B261700D62644;
					};
					AFFED0471E8B261700D62644 = {
						CreatedOnToolsVersion = 8.2.1;
						LastSwiftMigration = 0820;
						ProvisioningStyle = Automatic;
					};
				};
			};
			buildConfigurationList = AFFED0431E8B261700D62644 /* Build configuration list for PBXProject "Preload" */;
			compatibilityVersion = "Xcode 3.2";
			developmentRegion = English;
			hasScannedForEncodings = 0;
			knownRegions = (
				en,
				Base,
			);
			mainGroup = AFFED03F1E8B261700D62644;
			productRefGroup = AFFED0491E8B261800D62644 /* Products */;
			projectDirPath = "";
			projectRoot = "";
			targets = (
				AFFED0471E8B261700D62644 /* preload */,
				AFF0C56C1ED909C4003655DC /* preloadTests */,
				AFF0C57A1ED909D0003655DC /* preloadUITests */,
			);
		};
/* End PBXProject section */

/* Begin PBXResourcesBuildPhase section */
		AFF0C56B1ED909C4003655DC /* Resources */ = {
			isa = PBXResourcesBuildPhase;
			buildActionMask = 2147483647;
			files = (
			);
			runOnlyForDeploymentPostprocessing = 0;
		};
		AFF0C5791ED909D0003655DC /* Resources */ = {
			isa = PBXResourcesBuildPhase;
			buildActionMask = 2147483647;
			files = (
			);
			runOnlyForDeploymentPostprocessing = 0;
		};
		AFFED0461E8B261700D62644 /* Resources */ = {
			isa = PBXResourcesBuildPhase;
			buildActionMask = 2147483647;
			files = (
				AF278C501ED6F37700EADAF7 /* beer7.png in Resources */,
				AF278C4E1ED6F37700EADAF7 /* beer5.png in Resources */,
				AF278C4C1ED6F37700EADAF7 /* beer3.png in Resources */,
				AF278C521ED6F37700EADAF7 /* beer9.png in Resources */,
				AF278C541ED6F37700EADAF7 /* beer11.png in Resources */,
				AF278C511ED6F37700EADAF7 /* beer8.png in Resources */,
				AFFED0561E8B261800D62644 /* LaunchScreen.storyboard in Resources */,
				AFFED0531E8B261800D62644 /* Assets.xcassets in Resources */,
				AF278C4B1ED6F37700EADAF7 /* beer2.png in Resources */,
				AFFED0511E8B261800D62644 /* Main.storyboard in Resources */,
				AF278C4A1ED6F37700EADAF7 /* beer1.png in Resources */,
				AF278C531ED6F37700EADAF7 /* beer10.png in Resources */,
				AF278C4D1ED6F37700EADAF7 /* beer4png in Resources */,
				AF278C4F1ED6F37700EADAF7 /* beer6.png in Resources */,
				AF278C551ED6F37700EADAF7 /* beer12.png in Resources */,
			);
			runOnlyForDeploymentPostprocessing = 0;
		};
/* End PBXResourcesBuildPhase section */

/* Begin PBXShellScriptBuildPhase section */
		0ACD39EFF01B42DD04D7DC60 /* [CP] Embed Pods Frameworks */ = {
			isa = PBXShellScriptBuildPhase;
			buildActionMask = 2147483647;
			files = (
			);
			inputPaths = (
			);
			name = "[CP] Embed Pods Frameworks";
			outputPaths = (
			);
			runOnlyForDeploymentPostprocessing = 0;
			shellPath = /bin/sh;
			shellScript = "\"${SRCROOT}/Pods/Target Support Files/Pods-preloadTests/Pods-preloadTests-frameworks.sh\"\n";
			showEnvVarsInLog = 0;
		};
		2B420C24D35E9AE95EC08391 /* [CP] Embed Pods Frameworks */ = {
			isa = PBXShellScriptBuildPhase;
			buildActionMask = 2147483647;
			files = (
			);
			inputPaths = (
			);
			name = "[CP] Embed Pods Frameworks";
			outputPaths = (
			);
			runOnlyForDeploymentPostprocessing = 0;
			shellPath = /bin/sh;
			shellScript = "\"${SRCROOT}/Pods/Target Support Files/Pods-preloadUITests/Pods-preloadUITests-frameworks.sh\"\n";
			showEnvVarsInLog = 0;
		};
		2F446915C35E3203E3F01444 /* [CP] Copy Pods Resources */ = {
			isa = PBXShellScriptBuildPhase;
			buildActionMask = 2147483647;
			files = (
			);
			inputPaths = (
			);
			name = "[CP] Copy Pods Resources";
			outputPaths = (
			);
			runOnlyForDeploymentPostprocessing = 0;
			shellPath = /bin/sh;
			shellScript = "\"${SRCROOT}/Pods/Target Support Files/Pods-preload/Pods-preload-resources.sh\"\n";
			showEnvVarsInLog = 0;
		};
		53D9E6B35A96C6577ECC354D /* [CP] Embed Pods Frameworks */ = {
			isa = PBXShellScriptBuildPhase;
			buildActionMask = 2147483647;
			files = (
			);
			inputPaths = (
			);
			name = "[CP] Embed Pods Frameworks";
			outputPaths = (
			);
			runOnlyForDeploymentPostprocessing = 0;
			shellPath = /bin/sh;
			shellScript = "\"${SRCROOT}/Pods/Target Support Files/Pods-preload/Pods-preload-frameworks.sh\"\n";
			showEnvVarsInLog = 0;
		};
		5CD17CA51F62D3F6022B3177 /* [CP] Check Pods Manifest.lock */ = {
			isa = PBXShellScriptBuildPhase;
			buildActionMask = 2147483647;
			files = (
			);
			inputPaths = (
			);
			name = "[CP] Check Pods Manifest.lock";
			outputPaths = (
			);
			runOnlyForDeploymentPostprocessing = 0;
			shellPath = /bin/sh;
			shellScript = "diff \"${PODS_PODFILE_DIR_PATH}/Podfile.lock\" \"${PODS_ROOT}/Manifest.lock\" > /dev/null\nif [ $? != 0 ] ; then\n    # print error to STDERR\n    echo \"error: The sandbox is not in sync with the Podfile.lock. Run 'pod install' or update your CocoaPods installation.\" >&2\n    exit 1\nfi\n";
			showEnvVarsInLog = 0;
		};
		6925D0B20A39485943A62EDD /* [CP] Copy Pods Resources */ = {
			isa = PBXShellScriptBuildPhase;
			buildActionMask = 2147483647;
			files = (
			);
			inputPaths = (
			);
			name = "[CP] Copy Pods Resources";
			outputPaths = (
			);
			runOnlyForDeploymentPostprocessing = 0;
			shellPath = /bin/sh;
			shellScript = "\"${SRCROOT}/Pods/Target Support Files/Pods-preloadUITests/Pods-preloadUITests-resources.sh\"\n";
			showEnvVarsInLog = 0;
		};
		9435C153F751BE7FAFA943A6 /* [CP] Check Pods Manifest.lock */ = {
			isa = PBXShellScriptBuildPhase;
			buildActionMask = 2147483647;
			files = (
			);
			inputPaths = (
			);
			name = "[CP] Check Pods Manifest.lock";
			outputPaths = (
			);
			runOnlyForDeploymentPostprocessing = 0;
			shellPath = /bin/sh;
			shellScript = "diff \"${PODS_PODFILE_DIR_PATH}/Podfile.lock\" \"${PODS_ROOT}/Manifest.lock\" > /dev/null\nif [ $? != 0 ] ; then\n    # print error to STDERR\n    echo \"error: The sandbox is not in sync with the Podfile.lock. Run 'pod install' or update your CocoaPods installation.\" >&2\n    exit 1\nfi\n";
			showEnvVarsInLog = 0;
		};
		B0EA2E6FAE3664C2F8DAF83F /* [CP] Check Pods Manifest.lock */ = {
			isa = PBXShellScriptBuildPhase;
			buildActionMask = 2147483647;
			files = (
			);
			inputPaths = (
			);
			name = "[CP] Check Pods Manifest.lock";
			outputPaths = (
			);
			runOnlyForDeploymentPostprocessing = 0;
			shellPath = /bin/sh;
			shellScript = "diff \"${PODS_PODFILE_DIR_PATH}/Podfile.lock\" \"${PODS_ROOT}/Manifest.lock\" > /dev/null\nif [ $? != 0 ] ; then\n    # print error to STDERR\n    echo \"error: The sandbox is not in sync with the Podfile.lock. Run 'pod install' or update your CocoaPods installation.\" >&2\n    exit 1\nfi\n";
			showEnvVarsInLog = 0;
		};
		FF98705CB70AADFE15ACF912 /* [CP] Copy Pods Resources */ = {
			isa = PBXShellScriptBuildPhase;
			buildActionMask = 2147483647;
			files = (
			);
			inputPaths = (
			);
			name = "[CP] Copy Pods Resources";
			outputPaths = (
			);
			runOnlyForDeploymentPostprocessing = 0;
			shellPath = /bin/sh;
			shellScript = "\"${SRCROOT}/Pods/Target Support Files/Pods-preloadTests/Pods-preloadTests-resources.sh\"\n";
			showEnvVarsInLog = 0;
		};
/* End PBXShellScriptBuildPhase section */

/* Begin PBXSourcesBuildPhase section */
		AFF0C5691ED909C4003655DC /* Sources */ = {
			isa = PBXSourcesBuildPhase;
			buildActionMask = 2147483647;
			files = (
			);
			runOnlyForDeploymentPostprocessing = 0;
		};
		AFF0C5771ED909D0003655DC /* Sources */ = {
			isa = PBXSourcesBuildPhase;
			buildActionMask = 2147483647;
			files = (
			);
			runOnlyForDeploymentPostprocessing = 0;
		};
		AFFED0441E8B261700D62644 /* Sources */ = {
			isa = PBXSourcesBuildPhase;
			buildActionMask = 2147483647;
			files = (
				AF10FFD81ED8084100ADBD9B /* calculate.cpp in Sources */,
				AF8CBFFE1F87238A00FB6F50 /* Products.swift in Sources */,
				AFFED04E1E8B261800D62644 /* ViewController.swift in Sources */,
				AF3F22BA1F8B660600874D4E /* tableViewController.swift in Sources */,
				AF8CC0001F8723A800FB6F50 /* HtmlParser.swift in Sources */,
				AFFED04C1E8B261800D62644 /* AppDelegate.swift in Sources */,
			);
			runOnlyForDeploymentPostprocessing = 0;
		};
/* End PBXSourcesBuildPhase section */

/* Begin PBXTargetDependency section */
		AFF0C5731ED909C4003655DC /* PBXTargetDependency */ = {
			isa = PBXTargetDependency;
			target = AFFED0471E8B261700D62644 /* preload */;
			targetProxy = AFF0C5721ED909C4003655DC /* PBXContainerItemProxy */;
		};
		AFF0C5811ED909D0003655DC /* PBXTargetDependency */ = {
			isa = PBXTargetDependency;
			target = AFFED0471E8B261700D62644 /* preload */;
			targetProxy = AFF0C5801ED909D0003655DC /* PBXContainerItemProxy */;
		};
/* End PBXTargetDependency section */

/* Begin PBXVariantGroup section */
		AFFED04F1E8B261800D62644 /* Main.storyboard */ = {
			isa = PBXVariantGroup;
			children = (
				AFFED0501E8B261800D62644 /* Base */,
			);
			name = Main.storyboard;
			sourceTree = "<group>";
		};
		AFFED0541E8B261800D62644 /* LaunchScreen.storyboard */ = {
			isa = PBXVariantGroup;
			children = (
				AFFED0551E8B261800D62644 /* Base */,
			);
			name = LaunchScreen.storyboard;
			sourceTree = "<group>";
		};
/* End PBXVariantGroup section */

/* Begin XCBuildConfiguration section */
		AFF0C5751ED909C4003655DC /* Debug */ = {
			isa = XCBuildConfiguration;
			baseConfigurationReference = 7B1A31DCF43D80FDDB948E50 /* Pods-preloadTests.debug.xcconfig */;
			buildSettings = {
				BUNDLE_LOADER = "$(TEST_HOST)";
				INFOPLIST_FILE = preloadTests/Info.plist;
				LD_RUNPATH_SEARCH_PATHS = "$(inherited) @executable_path/Frameworks @loader_path/Frameworks";
				PRODUCT_BUNDLE_IDENTIFIER = three45.preloadTests;
				PRODUCT_NAME = "$(TARGET_NAME)";
				SWIFT_VERSION = 3.0;
				TEST_HOST = "$(BUILT_PRODUCTS_DIR)/preload.app/preload";
			};
			name = Debug;
		};
		AFF0C5761ED909C4003655DC /* Release */ = {
			isa = XCBuildConfiguration;
			baseConfigurationReference = 4400CAA6AAD7A6B3C3A709B3 /* Pods-preloadTests.release.xcconfig */;
			buildSettings = {
				BUNDLE_LOADER = "$(TEST_HOST)";
				INFOPLIST_FILE = preloadTests/Info.plist;
				LD_RUNPATH_SEARCH_PATHS = "$(inherited) @executable_path/Frameworks @loader_path/Frameworks";
				PRODUCT_BUNDLE_IDENTIFIER = three45.preloadTests;
				PRODUCT_NAME = "$(TARGET_NAME)";
				SWIFT_VERSION = 3.0;
				TEST_HOST = "$(BUILT_PRODUCTS_DIR)/preload.app/preload";
			};
			name = Release;
		};
		AFF0C5831ED909D0003655DC /* Debug */ = {
			isa = XCBuildConfiguration;
			baseConfigurationReference = CDBE658D69CF13D3D141A6B2 /* Pods-preloadUITests.debug.xcconfig */;
			buildSettings = {
				DEVELOPMENT_TEAM = "";
				INFOPLIST_FILE = preloadUITests/Info.plist;
				LD_RUNPATH_SEARCH_PATHS = "$(inherited) @executable_path/Frameworks @loader_path/Frameworks";
				PRODUCT_BUNDLE_IDENTIFIER = three45.preloadUITests;
				PRODUCT_NAME = Preload;
				SWIFT_VERSION = 3.0;
				TEST_TARGET_NAME = preload;
			};
			name = Debug;
		};
		AFF0C5841ED909D0003655DC /* Release */ = {
			isa = XCBuildConfiguration;
			baseConfigurationReference = B426A4B2FB7E28A1900D3DBA /* Pods-preloadUITests.release.xcconfig */;
			buildSettings = {
				DEVELOPMENT_TEAM = "";
				INFOPLIST_FILE = preloadUITests/Info.plist;
				LD_RUNPATH_SEARCH_PATHS = "$(inherited) @executable_path/Frameworks @loader_path/Frameworks";
				PRODUCT_BUNDLE_IDENTIFIER = three45.preloadUITests;
				PRODUCT_NAME = Preload;
				SWIFT_VERSION = 3.0;
				TEST_TARGET_NAME = preload;
			};
			name = Release;
		};
		AFFED06E1E8B261800D62644 /* Debug */ = {
			isa = XCBuildConfiguration;
			buildSettings = {
				ALWAYS_SEARCH_USER_PATHS = NO;
				CLANG_ANALYZER_NONNULL = YES;
				CLANG_CXX_LANGUAGE_STANDARD = "gnu++0x";
				CLANG_CXX_LIBRARY = "libc++";
				CLANG_ENABLE_MODULES = YES;
				CLANG_ENABLE_OBJC_ARC = YES;
				CLANG_WARN_BOOL_CONVERSION = YES;
				CLANG_WARN_CONSTANT_CONVERSION = YES;
				CLANG_WARN_DIRECT_OBJC_ISA_USAGE = YES_ERROR;
				CLANG_WARN_DOCUMENTATION_COMMENTS = YES;
				CLANG_WARN_EMPTY_BODY = YES;
				CLANG_WARN_ENUM_CONVERSION = YES;
				CLANG_WARN_INFINITE_RECURSION = YES;
				CLANG_WARN_INT_CONVERSION = YES;
				CLANG_WARN_OBJC_ROOT_CLASS = YES_ERROR;
				CLANG_WARN_SUSPICIOUS_MOVE = YES;
				CLANG_WARN_UNREACHABLE_CODE = YES;
				CLANG_WARN__DUPLICATE_METHOD_MATCH = YES;
				"CODE_SIGN_IDENTITY[sdk=iphoneos*]" = "iPhone Developer";
				COPY_PHASE_STRIP = NO;
				DEBUG_INFORMATION_FORMAT = dwarf;
				ENABLE_STRICT_OBJC_MSGSEND = YES;
				ENABLE_TESTABILITY = YES;
				FRAMEWORK_SEARCH_PATHS = "$(SRCROOT)";
				GCC_C_LANGUAGE_STANDARD = gnu99;
				GCC_DYNAMIC_NO_PIC = NO;
				GCC_NO_COMMON_BLOCKS = YES;
				GCC_OPTIMIZATION_LEVEL = 0;
				GCC_PREPROCESSOR_DEFINITIONS = (
					"DEBUG=1",
					"$(inherited)",
				);
				GCC_WARN_64_TO_32_BIT_CONVERSION = YES;
				GCC_WARN_ABOUT_RETURN_TYPE = YES_ERROR;
				GCC_WARN_UNDECLARED_SELECTOR = YES;
				GCC_WARN_UNINITIALIZED_AUTOS = YES_AGGRESSIVE;
				GCC_WARN_UNUSED_FUNCTION = YES;
				GCC_WARN_UNUSED_VARIABLE = YES;
				HEADER_SEARCH_PATHS = "$(SRCROOT)";
				IPHONEOS_DEPLOYMENT_TARGET = 10.2;
				LIBRARY_SEARCH_PATHS = "$SRCROOT)";
				MTL_ENABLE_DEBUG_INFO = YES;
				ONLY_ACTIVE_ARCH = YES;
				SDKROOT = iphoneos;
				SWIFT_ACTIVE_COMPILATION_CONDITIONS = DEBUG;
				SWIFT_OPTIMIZATION_LEVEL = "-Onone";
				TARGETED_DEVICE_FAMILY = "1,2";
			};
			name = Debug;
		};
		AFFED06F1E8B261800D62644 /* Release */ = {
			isa = XCBuildConfiguration;
			buildSettings = {
				ALWAYS_SEARCH_USER_PATHS = NO;
				CLANG_ANALYZER_NONNULL = YES;
				CLANG_CXX_LANGUAGE_STANDARD = "gnu++0x";
				CLANG_CXX_LIBRARY = "libc++";
				CLANG_ENABLE_MODULES = YES;
				CLANG_ENABLE_OBJC_ARC = YES;
				CLANG_WARN_BOOL_CONVERSION = YES;
				CLANG_WARN_CONSTANT_CONVERSION = YES;
				CLANG_WARN_DIRECT_OBJC_ISA_USAGE = YES_ERROR;
				CLANG_WARN_DOCUMENTATION_COMMENTS = YES;
				CLANG_WARN_EMPTY_BODY = YES;
				CLANG_WARN_ENUM_CONVERSION = YES;
				CLANG_WARN_INFINITE_RECURSION = YES;
				CLANG_WARN_INT_CONVERSION = YES;
				CLANG_WARN_OBJC_ROOT_CLASS = YES_ERROR;
				CLANG_WARN_SUSPICIOUS_MOVE = YES;
				CLANG_WARN_UNREACHABLE_CODE = YES;
				CLANG_WARN__DUPLICATE_METHOD_MATCH = YES;
				"CODE_SIGN_IDENTITY[sdk=iphoneos*]" = "iPhone Developer";
				COPY_PHASE_STRIP = NO;
				DEBUG_INFORMATION_FORMAT = "dwarf-with-dsym";
				ENABLE_NS_ASSERTIONS = NO;
				ENABLE_STRICT_OBJC_MSGSEND = YES;
				FRAMEWORK_SEARCH_PATHS = "$(SRCROOT)";
				GCC_C_LANGUAGE_STANDARD = gnu99;
				GCC_NO_COMMON_BLOCKS = YES;
				GCC_WARN_64_TO_32_BIT_CONVERSION = YES;
				GCC_WARN_ABOUT_RETURN_TYPE = YES_ERROR;
				GCC_WARN_UNDECLARED_SELECTOR = YES;
				GCC_WARN_UNINITIALIZED_AUTOS = YES_AGGRESSIVE;
				GCC_WARN_UNUSED_FUNCTION = YES;
				GCC_WARN_UNUSED_VARIABLE = YES;
				HEADER_SEARCH_PATHS = "$(SRCROOT)";
				IPHONEOS_DEPLOYMENT_TARGET = 10.2;
				LIBRARY_SEARCH_PATHS = "$SRCROOT)";
				MTL_ENABLE_DEBUG_INFO = NO;
				SDKROOT = iphoneos;
				SWIFT_OPTIMIZATION_LEVEL = "-Owholemodule";
				TARGETED_DEVICE_FAMILY = "1,2";
				VALIDATE_PRODUCT = YES;
			};
			name = Release;
		};
		AFFED0711E8B261800D62644 /* Debug */ = {
			isa = XCBuildConfiguration;
			baseConfigurationReference = EBF54E4D2719E470339A452C /* Pods-preload.debug.xcconfig */;
			buildSettings = {
				ASSETCATALOG_COMPILER_APPICON_NAME = AppIcon;
				CLANG_ENABLE_MODULES = YES;
				"CODE_SIGN_IDENTITY[sdk=iphoneos*]" = "iPhone Developer";
				DEVELOPMENT_TEAM = "";
				INFOPLIST_FILE = test/Info.plist;
				IPHONEOS_DEPLOYMENT_TARGET = 9.0;
				LD_RUNPATH_SEARCH_PATHS = "$(inherited) @executable_path/Frameworks";
				LIBRARY_SEARCH_PATHS = (
					"$(inherited)",
					"$(PROJECT_DIR)",
				);
				PRODUCT_BUNDLE_IDENTIFIER = three45.test;
				PRODUCT_NAME = "$(TARGET_NAME)";
				SWIFT_OBJC_BRIDGING_HEADER = "test/Preload-Bridging-Header.h";
				SWIFT_OPTIMIZATION_LEVEL = "-Onone";
				SWIFT_VERSION = 3.0;
			};
			name = Debug;
		};
		AFFED0721E8B261800D62644 /* Release */ = {
			isa = XCBuildConfiguration;
			baseConfigurationReference = 04FE0810F8C283CFEA8C04F3 /* Pods-preload.release.xcconfig */;
			buildSettings = {
				ASSETCATALOG_COMPILER_APPICON_NAME = AppIcon;
				CLANG_ENABLE_MODULES = YES;
				"CODE_SIGN_IDENTITY[sdk=iphoneos*]" = "iPhone Developer";
				DEVELOPMENT_TEAM = "";
				INFOPLIST_FILE = test/Info.plist;
				IPHONEOS_DEPLOYMENT_TARGET = 9.0;
				LD_RUNPATH_SEARCH_PATHS = "$(inherited) @executable_path/Frameworks";
				LIBRARY_SEARCH_PATHS = (
					"$(inherited)",
					"$(PROJECT_DIR)",
				);
				PRODUCT_BUNDLE_IDENTIFIER = three45.test;
				PRODUCT_NAME = "$(TARGET_NAME)";
				SWIFT_OBJC_BRIDGING_HEADER = "test/Preload-Bridging-Header.h";
				SWIFT_VERSION = 3.0;
			};
			name = Release;
		};
/* End XCBuildConfiguration section */

/* Begin XCConfigurationList section */
		AFF0C5741ED909C4003655DC /* Build configuration list for PBXNativeTarget "preloadTests" */ = {
			isa = XCConfigurationList;
			buildConfigurations = (
				AFF0C5751ED909C4003655DC /* Debug */,
				AFF0C5761ED909C4003655DC /* Release */,
			);
			defaultConfigurationIsVisible = 0;
			defaultConfigurationName = Release;
		};
		AFF0C5821ED909D0003655DC /* Build configuration list for PBXNativeTarget "preloadUITests" */ = {
			isa = XCConfigurationList;
			buildConfigurations = (
				AFF0C5831ED909D0003655DC /* Debug */,
				AFF0C5841ED909D0003655DC /* Release */,
			);
			defaultConfigurationIsVisible = 0;
			defaultConfigurationName = Release;
		};
		AFFED0431E8B261700D62644 /* Build configuration list for PBXProject "Preload" */ = {
			isa = XCConfigurationList;
			buildConfigurations = (
				AFFED06E1E8B261800D62644 /* Debug */,
				AFFED06F1E8B261800D62644 /* Release */,
			);
			defaultConfigurationIsVisible = 0;
			defaultConfigurationName = Release;
		};
		AFFED0701E8B261800D62644 /* Build configuration list for PBXNativeTarget "preload" */ = {
			isa = XCConfigurationList;
			buildConfigurations = (
				AFFED0711E8B261800D62644 /* Debug */,
				AFFED0721E8B261800D62644 /* Release */,
			);
			defaultConfigurationIsVisible = 0;
			defaultConfigurationName = Release;
		};
/* End XCConfigurationList section */
	};
	rootObject = AFFED0401E8B261700D62644 /* Project object */;
}
